{
  "name": "ya0guang.github.io",
  "lockfileVersion": 2,
  "requires": true,
  "packages": {
    "": {
      "dependencies": {
        "sjcl": "^1.0.8",
        "tiddlywiki": "^5.3.3"
      }
    },
    "node_modules/sjcl": {
      "version": "1.0.8",
      "resolved": "https://registry.npmjs.org/sjcl/-/sjcl-1.0.8.tgz",
      "integrity": "sha512-LzIjEQ0S0DpIgnxMEayM1rq9aGwGRG4OnZhCdjx7glTaJtf4zRfpg87ImfjSJjoW9vKpagd82McDOwbRT5kQKQ==",
      "engines": {
        "node": "*"
      }
    },
    "node_modules/tiddlywiki": {
      "version": "5.3.3",
      "resolved": "https://registry.npmjs.org/tiddlywiki/-/tiddlywiki-5.3.3.tgz",
      "integrity": "sha512-PkgVfZNpFFHyMmfFw91igXOJn8Z7IWg3NGXOX5EBqJwzGNeYYOIUg4FqCNsWoqBece20HxtkDue/vTf2jDtdZQ==",
      "bin": {
        "tiddlywiki": "tiddlywiki.js"
      },
      "engines": {
        "node": ">=0.8.2"
      }
    }
  },
  "dependencies": {
    "sjcl": {
      "version": "1.0.8",
      "resolved": "https://registry.npmjs.org/sjcl/-/sjcl-1.0.8.tgz",
      "integrity": "sha512-LzIjEQ0S0DpIgnxMEayM1rq9aGwGRG4OnZhCdjx7glTaJtf4zRfpg87ImfjSJjoW9vKpagd82McDOwbRT5kQKQ=="
    },
    "tiddlywiki": {
      "version": "5.3.3",
      "resolved": "https://registry.npmjs.org/tiddlywiki/-/tiddlywiki-5.3.3.tgz",
      "integrity": "sha512-PkgVfZNpFFHyMmfFw91igXOJn8Z7IWg3NGXOX5EBqJwzGNeYYOIUg4FqCNsWoqBece20HxtkDue/vTf2jDtdZQ=="
    }
  }
}
